
Microsoft Visual Studio Solution File, Format Version 12.00
# Visual Studio Version 17
VisualStudioVersion = 17.1.32319.34
MinimumVisualStudioVersion = 10.0.40219.1
Project("{FAE04EC0-301F-11D3-BF4B-00C04F79EFBC}") = "FanLaiFanQu", "FanLaiFanQu\FanLaiFanQu.csproj", "{601D6793-4B0A-47D1-9AB2-9C2E86FA9A6F}"
EndProject
Global
	GlobalSection(SolutionConfigurationPlatforms) = preSolution
		Debug|Any CPU = Debug|Any CPU
		Release|Any CPU = Release|Any CPU
	EndGlobalSection
	GlobalSection(ProjectConfigurationPlatforms) = postSolution
		{601D6793-4B0A-47D1-9AB2-9C2E86FA9A6F}.Debug|Any CPU.ActiveCfg = Debug|Any CPU
		{601D6793-4B0A-47D1-9AB2-9C2E86FA9A6F}.Debug|Any CPU.Build.0 = Debug|Any CPU
		{601D6793-4B0A-47D1-9AB2-9C2E86FA9A6F}.Release|Any CPU.ActiveCfg = Release|Any CPU
		{601D6793-4B0A-47D1-9AB2-9C2E86FA9A6F}.Release|Any CPU.Build.0 = Release|Any CPU
	EndGlobalSection
	GlobalSection(SolutionProperties) = preSolution
		HideSolutionNode = FALSE
	EndGlobalSection
	GlobalSection(ExtensibilityGlobals) = postSolution
		SolutionGuid = {0CAD2F8B-92D5-4701-944A-0DB0485B1AA7}
	EndGlobalSection
EndGlobal
